schema: '2.0'
stages:
  data_ingestion:
    cmd: python ./src/data/data_ingestion.py
    deps:
    - path: ./data/raw/zipped/data.zip
      hash: md5
      md5: 063d7f4584d1af84dba0a4283452e1eb
      size: 621055
    - path: ./src/data/data_ingestion.py
      hash: md5
      md5: 21457ca7f4a48ad30534197fea07366c
      size: 2196
    outs:
    - path: ./data/interim/
      hash: md5
      md5: e1a5be70f7a60d761f1080fdbfc9b2c4.dir
      size: 2625895
      nfiles: 2
    - path: ./data/raw/extracted
      hash: md5
      md5: 3b7a628f4f1ac2995c0bb1a5f60ea612.dir
      size: 2772143
      nfiles: 1
  data_transformation:
    cmd: python ./src/data/data_transformation.py
    deps:
    - path: ./data/interim/
      hash: md5
      md5: e1a5be70f7a60d761f1080fdbfc9b2c4.dir
      size: 2625895
      nfiles: 2
    - path: ./src/data/data_transformation.py
      hash: md5
      md5: 7e5099e18eac4937dd0c6e96e1695caf
      size: 3519
    outs:
    - path: ./data/processed/
      hash: md5
      md5: 9b3c223136f4c11650fab4ef73747f52.dir
      size: 10644224
      nfiles: 2
  model_training:
    cmd: python ./src/models/model_training.py
    deps:
    - path: ./data/processed/
      hash: md5
      md5: 9b3c223136f4c11650fab4ef73747f52.dir
      size: 10644224
      nfiles: 2
    outs:
    - path: ./models/trained_models
      hash: md5
      md5: df35101e665a2b27ccaee070a0151f0b.dir
      size: 5658348
      nfiles: 4
  model_trainer:
    cmd: python ./src/models/model_trainer.py
    deps:
    - path: ./data/processed/
      hash: md5
      md5: 9b3c223136f4c11650fab4ef73747f52.dir
      size: 10644224
      nfiles: 2
    outs:
    - path: ./models/trained_models
      hash: md5
      md5: f9d71235f1e3a9d7ce73e4e60e0dd9e7.dir
      size: 3702112
      nfiles: 5
  model_evaluation:
    cmd: python ./src/models/model_evaluation.py
    deps:
    - path: ./data/processed/
      hash: md5
      md5: 9b3c223136f4c11650fab4ef73747f52.dir
      size: 10644224
      nfiles: 2
    - path: ./models/trained_models/
      hash: md5
      md5: f9d71235f1e3a9d7ce73e4e60e0dd9e7.dir
      size: 3702112
      nfiles: 5
    - path: ./src/models/model_evaluation.py
      hash: md5
      md5: 9b212ff64df424c2509f9b24c756380d
      size: 2644
